
Microsoft Visual Studio Solution File, Format Version 12.00
# Visual Studio Version 16
VisualStudioVersion = 16.0.33214.272
MinimumVisualStudioVersion = 10.0.40219.1
Project("{FAE04EC0-301F-11D3-BF4B-00C04F79EFBC}") = "midi2obs", "midi2obs.csproj", "{CBDF1264-B685-4CF1-A824-5F1C20C74912}"
EndProject
Global
	GlobalSection(SolutionConfigurationPlatforms) = preSolution
		Debug|Any CPU = Debug|Any CPU
		Release|Any CPU = Release|Any CPU
	EndGlobalSection
	GlobalSection(ProjectConfigurationPlatforms) = postSolution
		{CBDF1264-B685-4CF1-A824-5F1C20C74912}.Debug|Any CPU.ActiveCfg = Debug|Any CPU
		{CBDF1264-B685-4CF1-A824-5F1C20C74912}.Debug|Any CPU.Build.0 = Debug|Any CPU
		{CBDF1264-B685-4CF1-A824-5F1C20C74912}.Release|Any CPU.ActiveCfg = Release|Any CPU
		{CBDF1264-B685-4CF1-A824-5F1C20C74912}.Release|Any CPU.Build.0 = Release|Any CPU
	EndGlobalSection
	GlobalSection(SolutionProperties) = preSolution
		HideSolutionNode = FALSE
	EndGlobalSection
	GlobalSection(ExtensibilityGlobals) = postSolution
		SolutionGuid = {65104319-E36B-4272-9496-FDF10274F8EC}
	EndGlobalSection
EndGlobal
